
Microsoft Visual Studio Solution File, Format Version 12.00
# Visual Studio 15
VisualStudioVersion = 15.0.27703.2035
MinimumVisualStudioVersion = 10.0.40219.1
Project("{FAE04EC0-301F-11D3-BF4B-00C04F79EFBC}") = "CrossApp.Android", "CrossApp\CrossApp.Android\CrossApp.Android.csproj", "{7A0B8C85-A095-404F-A478-D5779E10C8A5}"
EndProject
Project("{FAE04EC0-301F-11D3-BF4B-00C04F79EFBC}") = "CrossApp.iOS", "CrossApp\CrossApp.iOS\CrossApp.iOS.csproj", "{0D4F440A-050D-47C4-9282-99715B9166AD}"
EndProject
Project("{FAE04EC0-301F-11D3-BF4B-00C04F79EFBC}") = "CrossApp", "CrossApp\CrossApp\CrossApp.csproj", "{0B369D4A-250C-463B-A34F-31EA05A2825F}"
EndProject
Global
	GlobalSection(SolutionConfigurationPlatforms) = preSolution
		Ad-Hoc|Any CPU = Ad-Hoc|Any CPU
		Ad-Hoc|iPhone = Ad-Hoc|iPhone
		Ad-Hoc|iPhoneSimulator = Ad-Hoc|iPhoneSimulator
		AppStore|Any CPU = AppStore|Any CPU
		AppStore|iPhone = AppStore|iPhone
		AppStore|iPhoneSimulator = AppStore|iPhoneSimulator
		Debug|Any CPU = Debug|Any CPU
		Debug|iPhone = Debug|iPhone
		Debug|iPhoneSimulator = Debug|iPhoneSimulator
		Release|Any CPU = Release|Any CPU
		Release|iPhone = Release|iPhone
		Release|iPhoneSimulator = Release|iPhoneSimulator
	EndGlobalSection
	GlobalSection(ProjectConfigurationPlatforms) = postSolution
		{7A0B8C85-A095-404F-A478-D5779E10C8A5}.Ad-Hoc|Any CPU.ActiveCfg = Release|Any CPU
		{7A0B8C85-A095-404F-A478-D5779E10C8A5}.Ad-Hoc|Any CPU.Build.0 = Release|Any CPU
		{7A0B8C85-A095-404F-A478-D5779E10C8A5}.Ad-Hoc|Any CPU.Deploy.0 = Release|Any CPU
		{7A0B8C85-A095-404F-A478-D5779E10C8A5}.Ad-Hoc|iPhone.ActiveCfg = Release|Any CPU
		{7A0B8C85-A095-404F-A478-D5779E10C8A5}.Ad-Hoc|iPhone.Build.0 = Release|Any CPU
		{7A0B8C85-A095-404F-A478-D5779E10C8A5}.Ad-Hoc|iPhone.Deploy.0 = Release|Any CPU
		{7A0B8C85-A095-404F-A478-D5779E10C8A5}.Ad-Hoc|iPhoneSimulator.ActiveCfg = Release|Any CPU
		{7A0B8C85-A095-404F-A478-D5779E10C8A5}.Ad-Hoc|iPhoneSimulator.Build.0 = Release|Any CPU
		{7A0B8C85-A095-404F-A478-D5779E10C8A5}.Ad-Hoc|iPhoneSimulator.Deploy.0 = Release|Any CPU
		{7A0B8C85-A095-404F-A478-D5779E10C8A5}.AppStore|Any CPU.ActiveCfg = Release|Any CPU
		{7A0B8C85-A095-404F-A478-D5779E10C8A5}.AppStore|Any CPU.Build.0 = Release|Any CPU
		{7A0B8C85-A095-404F-A478-D5779E10C8A5}.AppStore|Any CPU.Deploy.0 = Release|Any CPU
		{7A0B8C85-A095-404F-A478-D5779E10C8A5}.AppStore|iPhone.ActiveCfg = Release|Any CPU
		{7A0B8C85-A095-404F-A478-D5779E10C8A5}.AppStore|iPhone.Build.0 = Release|Any CPU
		{7A0B8C85-A095-404F-A478-D5779E10C8A5}.AppStore|iPhone.Deploy.0 = Release|Any CPU
		{7A0B8C85-A095-404F-A478-D5779E10C8A5}.AppStore|iPhoneSimulator.ActiveCfg = Release|Any CPU
		{7A0B8C85-A095-404F-A478-D5779E10C8A5}.AppStore|iPhoneSimulator.Build.0 = Release|Any CPU
		{7A0B8C85-A095-404F-A478-D5779E10C8A5}.AppStore|iPhoneSimulator.Deploy.0 = Release|Any CPU
		{7A0B8C85-A095-404F-A478-D5779E10C8A5}.Debug|Any CPU.ActiveCfg = Debug|Any CPU
		{7A0B8C85-A095-404F-A478-D5779E10C8A5}.Debug|Any CPU.Build.0 = Debug|Any CPU
		{7A0B8C85-A095-404F-A478-D5779E10C8A5}.Debug|Any CPU.Deploy.0 = Debug|Any CPU
		{7A0B8C85-A095-404F-A478-D5779E10C8A5}.Debug|iPhone.ActiveCfg = Debug|Any CPU
		{7A0B8C85-A095-404F-A478-D5779E10C8A5}.Debug|iPhone.Build.0 = Debug|Any CPU
		{7A0B8C85-A095-404F-A478-D5779E10C8A5}.Debug|iPhone.Deploy.0 = Debug|Any CPU
		{7A0B8C85-A095-404F-A478-D5779E10C8A5}.Debug|iPhoneSimulator.ActiveCfg = Debug|Any CPU
		{7A0B8C85-A095-404F-A478-D5779E10C8A5}.Debug|iPhoneSimulator.Build.0 = Debug|Any CPU
		{7A0B8C85-A095-404F-A478-D5779E10C8A5}.Debug|iPhoneSimulator.Deploy.0 = Debug|Any CPU
		{7A0B8C85-A095-404F-A478-D5779E10C8A5}.Release|Any CPU.ActiveCfg = Release|Any CPU
		{7A0B8C85-A095-404F-A478-D5779E10C8A5}.Release|Any CPU.Build.0 = Release|Any CPU
		{7A0B8C85-A095-404F-A478-D5779E10C8A5}.Release|Any CPU.Deploy.0 = Release|Any CPU
		{7A0B8C85-A095-404F-A478-D5779E10C8A5}.Release|iPhone.ActiveCfg = Release|Any CPU
		{7A0B8C85-A095-404F-A478-D5779E10C8A5}.Release|iPhone.Build.0 = Release|Any CPU
		{7A0B8C85-A095-404F-A478-D5779E10C8A5}.Release|iPhone.Deploy.0 = Release|Any CPU
		{7A0B8C85-A095-404F-A478-D5779E10C8A5}.Release|iPhoneSimulator.ActiveCfg = Release|Any CPU
		{7A0B8C85-A095-404F-A478-D5779E10C8A5}.Release|iPhoneSimulator.Build.0 = Release|Any CPU
		{7A0B8C85-A095-404F-A478-D5779E10C8A5}.Release|iPhoneSimulator.Deploy.0 = Release|Any CPU
		{0D4F440A-050D-47C4-9282-99715B9166AD}.Ad-Hoc|Any CPU.ActiveCfg = Ad-Hoc|iPhone
		{0D4F440A-050D-47C4-9282-99715B9166AD}.Ad-Hoc|Any CPU.Build.0 = Ad-Hoc|iPhone
		{0D4F440A-050D-47C4-9282-99715B9166AD}.Ad-Hoc|Any CPU.Deploy.0 = Ad-Hoc|iPhone
		{0D4F440A-050D-47C4-9282-99715B9166AD}.Ad-Hoc|iPhone.ActiveCfg = Ad-Hoc|iPhone
		{0D4F440A-050D-47C4-9282-99715B9166AD}.Ad-Hoc|iPhone.Build.0 = Ad-Hoc|iPhone
		{0D4F440A-050D-47C4-9282-99715B9166AD}.Ad-Hoc|iPhone.Deploy.0 = Ad-Hoc|iPhone
		{0D4F440A-050D-47C4-9282-99715B9166AD}.Ad-Hoc|iPhoneSimulator.ActiveCfg = Ad-Hoc|iPhoneSimulator
		{0D4F440A-050D-47C4-9282-99715B9166AD}.Ad-Hoc|iPhoneSimulator.Build.0 = Ad-Hoc|iPhoneSimulator
		{0D4F440A-050D-47C4-9282-99715B9166AD}.Ad-Hoc|iPhoneSimulator.Deploy.0 = Ad-Hoc|iPhoneSimulator
		{0D4F440A-050D-47C4-9282-99715B9166AD}.AppStore|Any CPU.ActiveCfg = AppStore|iPhone
		{0D4F440A-050D-47C4-9282-99715B9166AD}.AppStore|Any CPU.Build.0 = AppStore|iPhone
		{0D4F440A-050D-47C4-9282-99715B9166AD}.AppStore|Any CPU.Deploy.0 = AppStore|iPhone
		{0D4F440A-050D-47C4-9282-99715B9166AD}.AppStore|iPhone.ActiveCfg = AppStore|iPhone
		{0D4F440A-050D-47C4-9282-99715B9166AD}.AppStore|iPhone.Build.0 = AppStore|iPhone
		{0D4F440A-050D-47C4-9282-99715B9166AD}.AppStore|iPhone.Deploy.0 = AppStore|iPhone
		{0D4F440A-050D-47C4-9282-99715B9166AD}.AppStore|iPhoneSimulator.ActiveCfg = AppStore|iPhoneSimulator
		{0D4F440A-050D-47C4-9282-99715B9166AD}.AppStore|iPhoneSimulator.Build.0 = AppStore|iPhoneSimulator
		{0D4F440A-050D-47C4-9282-99715B9166AD}.AppStore|iPhoneSimulator.Deploy.0 = AppStore|iPhoneSimulator
		{0D4F440A-050D-47C4-9282-99715B9166AD}.Debug|Any CPU.ActiveCfg = Debug|iPhoneSimulator
		{0D4F440A-050D-47C4-9282-99715B9166AD}.Debug|Any CPU.Build.0 = Debug|iPhoneSimulator
		{0D4F440A-050D-47C4-9282-99715B9166AD}.Debug|Any CPU.Deploy.0 = Debug|iPhoneSimulator
		{0D4F440A-050D-47C4-9282-99715B9166AD}.Debug|iPhone.ActiveCfg = Debug|iPhone
		{0D4F440A-050D-47C4-9282-99715B9166AD}.Debug|iPhone.Build.0 = Debug|iPhone
		{0D4F440A-050D-47C4-9282-99715B9166AD}.Debug|iPhone.Deploy.0 = Debug|iPhone
		{0D4F440A-050D-47C4-9282-99715B9166AD}.Debug|iPhoneSimulator.ActiveCfg = Debug|iPhoneSimulator
		{0D4F440A-050D-47C4-9282-99715B9166AD}.Debug|iPhoneSimulator.Build.0 = Debug|iPhoneSimulator
		{0D4F440A-050D-47C4-9282-99715B9166AD}.Debug|iPhoneSimulator.Deploy.0 = Debug|iPhoneSimulator
		{0D4F440A-050D-47C4-9282-99715B9166AD}.Release|Any CPU.ActiveCfg = Release|iPhone
		{0D4F440A-050D-47C4-9282-99715B9166AD}.Release|Any CPU.Build.0 = Release|iPhone
		{0D4F440A-050D-47C4-9282-99715B9166AD}.Release|Any CPU.Deploy.0 = Release|iPhone
		{0D4F440A-050D-47C4-9282-99715B9166AD}.Release|iPhone.ActiveCfg = Release|iPhone
		{0D4F440A-050D-47C4-9282-99715B9166AD}.Release|iPhone.Build.0 = Release|iPhone
		{0D4F440A-050D-47C4-9282-99715B9166AD}.Release|iPhone.Deploy.0 = Release|iPhone
		{0D4F440A-050D-47C4-9282-99715B9166AD}.Release|iPhoneSimulator.ActiveCfg = Release|iPhoneSimulator
		{0D4F440A-050D-47C4-9282-99715B9166AD}.Release|iPhoneSimulator.Build.0 = Release|iPhoneSimulator
		{0D4F440A-050D-47C4-9282-99715B9166AD}.Release|iPhoneSimulator.Deploy.0 = Release|iPhoneSimulator
		{0B369D4A-250C-463B-A34F-31EA05A2825F}.Ad-Hoc|Any CPU.ActiveCfg = Debug|Any CPU
		{0B369D4A-250C-463B-A34F-31EA05A2825F}.Ad-Hoc|Any CPU.Build.0 = Debug|Any CPU
		{0B369D4A-250C-463B-A34F-31EA05A2825F}.Ad-Hoc|Any CPU.Deploy.0 = Debug|Any CPU
		{0B369D4A-250C-463B-A34F-31EA05A2825F}.Ad-Hoc|iPhone.ActiveCfg = Debug|Any CPU
		{0B369D4A-250C-463B-A34F-31EA05A2825F}.Ad-Hoc|iPhone.Build.0 = Debug|Any CPU
		{0B369D4A-250C-463B-A34F-31EA05A2825F}.Ad-Hoc|iPhone.Deploy.0 = Debug|Any CPU
		{0B369D4A-250C-463B-A34F-31EA05A2825F}.Ad-Hoc|iPhoneSimulator.ActiveCfg = Debug|Any CPU
		{0B369D4A-250C-463B-A34F-31EA05A2825F}.Ad-Hoc|iPhoneSimulator.Build.0 = Debug|Any CPU
		{0B369D4A-250C-463B-A34F-31EA05A2825F}.Ad-Hoc|iPhoneSimulator.Deploy.0 = Debug|Any CPU
		{0B369D4A-250C-463B-A34F-31EA05A2825F}.AppStore|Any CPU.ActiveCfg = Debug|Any CPU
		{0B369D4A-250C-463B-A34F-31EA05A2825F}.AppStore|Any CPU.Build.0 = Debug|Any CPU
		{0B369D4A-250C-463B-A34F-31EA05A2825F}.AppStore|Any CPU.Deploy.0 = Debug|Any CPU
		{0B369D4A-250C-463B-A34F-31EA05A2825F}.AppStore|iPhone.ActiveCfg = Debug|Any CPU
		{0B369D4A-250C-463B-A34F-31EA05A2825F}.AppStore|iPhone.Build.0 = Debug|Any CPU
		{0B369D4A-250C-463B-A34F-31EA05A2825F}.AppStore|iPhone.Deploy.0 = Debug|Any CPU
		{0B369D4A-250C-463B-A34F-31EA05A2825F}.AppStore|iPhoneSimulator.ActiveCfg = Debug|Any CPU
		{0B369D4A-250C-463B-A34F-31EA05A2825F}.AppStore|iPhoneSimulator.Build.0 = Debug|Any CPU
		{0B369D4A-250C-463B-A34F-31EA05A2825F}.AppStore|iPhoneSimulator.Deploy.0 = Debug|Any CPU
		{0B369D4A-250C-463B-A34F-31EA05A2825F}.Debug|Any CPU.ActiveCfg = Debug|Any CPU
		{0B369D4A-250C-463B-A34F-31EA05A2825F}.Debug|Any CPU.Build.0 = Debug|Any CPU
		{0B369D4A-250C-463B-A34F-31EA05A2825F}.Debug|Any CPU.Deploy.0 = Debug|Any CPU
		{0B369D4A-250C-463B-A34F-31EA05A2825F}.Debug|iPhone.ActiveCfg = Debug|Any CPU
		{0B369D4A-250C-463B-A34F-31EA05A2825F}.Debug|iPhone.Build.0 = Debug|Any CPU
		{0B369D4A-250C-463B-A34F-31EA05A2825F}.Debug|iPhone.Deploy.0 = Debug|Any CPU
		{0B369D4A-250C-463B-A34F-31EA05A2825F}.Debug|iPhoneSimulator.ActiveCfg = Debug|Any CPU
		{0B369D4A-250C-463B-A34F-31EA05A2825F}.Debug|iPhoneSimulator.Build.0 = Debug|Any CPU
		{0B369D4A-250C-463B-A34F-31EA05A2825F}.Debug|iPhoneSimulator.Deploy.0 = Debug|Any CPU
		{0B369D4A-250C-463B-A34F-31EA05A2825F}.Release|Any CPU.ActiveCfg = Release|Any CPU
		{0B369D4A-250C-463B-A34F-31EA05A2825F}.Release|Any CPU.Build.0 = Release|Any CPU
		{0B369D4A-250C-463B-A34F-31EA05A2825F}.Release|Any CPU.Deploy.0 = Release|Any CPU
		{0B369D4A-250C-463B-A34F-31EA05A2825F}.Release|iPhone.ActiveCfg = Release|Any CPU
		{0B369D4A-250C-463B-A34F-31EA05A2825F}.Release|iPhone.Build.0 = Release|Any CPU
		{0B369D4A-250C-463B-A34F-31EA05A2825F}.Release|iPhone.Deploy.0 = Release|Any CPU
		{0B369D4A-250C-463B-A34F-31EA05A2825F}.Release|iPhoneSimulator.ActiveCfg = Release|Any CPU
		{0B369D4A-250C-463B-A34F-31EA05A2825F}.Release|iPhoneSimulator.Build.0 = Release|Any CPU
		{0B369D4A-250C-463B-A34F-31EA05A2825F}.Release|iPhoneSimulator.Deploy.0 = Release|Any CPU
	EndGlobalSection
	GlobalSection(SolutionProperties) = preSolution
		HideSolutionNode = FALSE
	EndGlobalSection
	GlobalSection(ExtensibilityGlobals) = postSolution
		SolutionGuid = {4999AFDA-6976-411D-A8FA-583BD127191C}
	EndGlobalSection
EndGlobal
